// !$*UTF8*$!
{
	archiveVersion = 1;
	classes = {
	};
	objectVersion = 56;
	objects = {

/* Begin PBXBuildFile section */
		BB187C002A2B257300F8B3F6 /* KasablancaApp.swift in Sources */ = {isa = PBXBuildFile; fileRef = BB187BFF2A2B257300F8B3F6 /* KasablancaApp.swift */; };
		BB187C022A2B257300F8B3F6 /* ContentView.swift in Sources */ = {isa = PBXBuildFile; fileRef = BB187C012A2B257300F8B3F6 /* ContentView.swift */; };
		BB187C042A2B257600F8B3F6 /* Assets.xcassets in Resources */ = {isa = PBXBuildFile; fileRef = BB187C032A2B257600F8B3F6 /* Assets.xcassets */; };
		BB187C072A2B257600F8B3F6 /* Preview Assets.xcassets in Resources */ = {isa = PBXBuildFile; fileRef = BB187C062A2B257600F8B3F6 /* Preview Assets.xcassets */; };
		BB187C152A2B265300F8B3F6 /* SmallBrownHouse.usdz in Resources */ = {isa = PBXBuildFile; fileRef = BB187C0D2A2B265200F8B3F6 /* SmallBrownHouse.usdz */; };
		BB187C162A2B265300F8B3F6 /* Modern_Home.usdz in Resources */ = {isa = PBXBuildFile; fileRef = BB187C0E2A2B265300F8B3F6 /* Modern_Home.usdz */; };
		BB187C172A2B265300F8B3F6 /* DividedHut.usdz in Resources */ = {isa = PBXBuildFile; fileRef = BB187C0F2A2B265300F8B3F6 /* DividedHut.usdz */; };
		BB187C182A2B265300F8B3F6 /* BritishHouse.usdz in Resources */ = {isa = PBXBuildFile; fileRef = BB187C102A2B265300F8B3F6 /* BritishHouse.usdz */; };
		BB187C192A2B265300F8B3F6 /* 3LayerHut.usdz in Resources */ = {isa = PBXBuildFile; fileRef = BB187C112A2B265300F8B3F6 /* 3LayerHut.usdz */; };
		BB187C1A2A2B265300F8B3F6 /* 3LayerHutWithTrees.usdz in Resources */ = {isa = PBXBuildFile; fileRef = BB187C122A2B265300F8B3F6 /* 3LayerHutWithTrees.usdz */; };
		BB187C1C2A2B265300F8B3F6 /* HouseWithRoadway.usdz in Resources */ = {isa = PBXBuildFile; fileRef = BB187C142A2B265300F8B3F6 /* HouseWithRoadway.usdz */; };
		BB187C202A2B27CE00F8B3F6 /* House.swift in Sources */ = {isa = PBXBuildFile; fileRef = BB187C1F2A2B27CE00F8B3F6 /* House.swift */; };
		BB187C222A2B489C00F8B3F6 /* HouseDetailView.swift in Sources */ = {isa = PBXBuildFile; fileRef = BB187C212A2B489C00F8B3F6 /* HouseDetailView.swift */; };
/* End PBXBuildFile section */

/* Begin PBXFileReference section */
		BB187BFC2A2B257300F8B3F6 /* Kasablanca.app */ = {isa = PBXFileReference; explicitFileType = wrapper.application; includeInIndex = 0; path = Kasablanca.app; sourceTree = BUILT_PRODUCTS_DIR; };
		BB187BFF2A2B257300F8B3F6 /* KasablancaApp.swift */ = {isa = PBXFileReference; lastKnownFileType = sourcecode.swift; path = KasablancaApp.swift; sourceTree = "<group>"; };
		BB187C012A2B257300F8B3F6 /* ContentView.swift */ = {isa = PBXFileReference; lastKnownFileType = sourcecode.swift; path = ContentView.swift; sourceTree = "<group>"; };
		BB187C032A2B257600F8B3F6 /* Assets.xcassets */ = {isa = PBXFileReference; lastKnownFileType = folder.assetcatalog; path = Assets.xcassets; sourceTree = "<group>"; };
		BB187C062A2B257600F8B3F6 /* Preview Assets.xcassets */ = {isa = PBXFileReference; lastKnownFileType = folder.assetcatalog; path = "Preview Assets.xcassets"; sourceTree = "<group>"; };
		BB187C0D2A2B265200F8B3F6 /* SmallBrownHouse.usdz */ = {isa = PBXFileReference; lastKnownFileType = file.usdz; path = SmallBrownHouse.usdz; sourceTree = "<group>"; };
		BB187C0E2A2B265300F8B3F6 /* Modern_Home.usdz */ = {isa = PBXFileReference; lastKnownFileType = file.usdz; path = Modern_Home.usdz; sourceTree = "<group>"; };
		BB187C0F2A2B265300F8B3F6 /* DividedHut.usdz */ = {isa = PBXFileReference; lastKnownFileType = file.usdz; path = DividedHut.usdz; sourceTree = "<group>"; };
		BB187C102A2B265300F8B3F6 /* BritishHouse.usdz */ = {isa = PBXFileReference; lastKnownFileType = file.usdz; path = BritishHouse.usdz; sourceTree = "<group>"; };
		BB187C112A2B265300F8B3F6 /* 3LayerHut.usdz */ = {isa = PBXFileReference; lastKnownFileType = file.usdz; path = 3LayerHut.usdz; sourceTree = "<group>"; };
		BB187C122A2B265300F8B3F6 /* 3LayerHutWithTrees.usdz */ = {isa = PBXFileReference; lastKnownFileType = file.usdz; path = 3LayerHutWithTrees.usdz; sourceTree = "<group>"; };
		BB187C142A2B265300F8B3F6 /* HouseWithRoadway.usdz */ = {isa = PBXFileReference; lastKnownFileType = file.usdz; path = HouseWithRoadway.usdz; sourceTree = "<group>"; };
		BB187C1F2A2B27CE00F8B3F6 /* House.swift */ = {isa = PBXFileReference; lastKnownFileType = sourcecode.swift; path = House.swift; sourceTree = "<group>"; };
		BB187C212A2B489C00F8B3F6 /* HouseDetailView.swift */ = {isa = PBXFileReference; lastKnownFileType = sourcecode.swift; path = HouseDetailView.swift; sourceTree = "<group>"; };
/* End PBXFileReference section */

/* Begin PBXFrameworksBuildPhase section */
		BB187BF92A2B257300F8B3F6 /* Frameworks */ = {
			isa = PBXFrameworksBuildPhase;
			buildActionMask = 2147483647;
			files = (
			);
			runOnlyForDeploymentPostprocessing = 0;
		};
/* End PBXFrameworksBuildPhase section */

/* Begin PBXGroup section */
		BB187BF32A2B257300F8B3F6 = {
			isa = PBXGroup;
			children = (
				BB187BFE2A2B257300F8B3F6 /* Kasablanca */,
				BB187BFD2A2B257300F8B3F6 /* Products */,
			);
			sourceTree = "<group>";
		};
		BB187BFD2A2B257300F8B3F6 /* Products */ = {
			isa = PBXGroup;
			children = (
				BB187BFC2A2B257300F8B3F6 /* Kasablanca.app */,
			);
			name = Products;
			sourceTree = "<group>";
		};
		BB187BFE2A2B257300F8B3F6 /* Kasablanca */ = {
			isa = PBXGroup;
			children = (
				BB187C1E2A2B27C000F8B3F6 /* Models */,
				BB187C1D2A2B267E00F8B3F6 /* Objects */,
				BB187BFF2A2B257300F8B3F6 /* KasablancaApp.swift */,
				BB187C012A2B257300F8B3F6 /* ContentView.swift */,
				BB187C032A2B257600F8B3F6 /* Assets.xcassets */,
				BB187C052A2B257600F8B3F6 /* Preview Content */,
				BB187C212A2B489C00F8B3F6 /* HouseDetailView.swift */,
			);
			path = Kasablanca;
			sourceTree = "<group>";
		};
		BB187C052A2B257600F8B3F6 /* Preview Content */ = {
			isa = PBXGroup;
			children = (
				BB187C062A2B257600F8B3F6 /* Preview Assets.xcassets */,
			);
			path = "Preview Content";
			sourceTree = "<group>";
		};
		BB187C1D2A2B267E00F8B3F6 /* Objects */ = {
			isa = PBXGroup;
			children = (
				BB187C0E2A2B265300F8B3F6 /* Modern_Home.usdz */,
				BB187C112A2B265300F8B3F6 /* 3LayerHut.usdz */,
				BB187C122A2B265300F8B3F6 /* 3LayerHutWithTrees.usdz */,
				BB187C142A2B265300F8B3F6 /* HouseWithRoadway.usdz */,
				BB187C0D2A2B265200F8B3F6 /* SmallBrownHouse.usdz */,
				BB187C102A2B265300F8B3F6 /* BritishHouse.usdz */,
				BB187C0F2A2B265300F8B3F6 /* DividedHut.usdz */,
			);
			path = Objects;
			sourceTree = "<group>";
		};
		BB187C1E2A2B27C000F8B3F6 /* Models */ = {
			isa = PBXGroup;
			children = (
				BB187C1F2A2B27CE00F8B3F6 /* House.swift */,
			);
			path = Models;
			sourceTree = "<group>";
		};
/* End PBXGroup section */

/* Begin PBXNativeTarget section */
		BB187BFB2A2B257300F8B3F6 /* Kasablanca */ = {
			isa = PBXNativeTarget;
			buildConfigurationList = BB187C0A2A2B257600F8B3F6 /* Build configuration list for PBXNativeTarget "Kasablanca" */;
			buildPhases = (
				BB187BF82A2B257300F8B3F6 /* Sources */,
				BB187BF92A2B257300F8B3F6 /* Frameworks */,
				BB187BFA2A2B257300F8B3F6 /* Resources */,
			);
			buildRules = (
			);
			dependencies = (
			);
			name = Kasablanca;
			productName = Kasablanca;
			productReference = BB187BFC2A2B257300F8B3F6 /* Kasablanca.app */;
			productType = "com.apple.product-type.application";
		};
/* End PBXNativeTarget section */

/* Begin PBXProject section */
		BB187BF42A2B257300F8B3F6 /* Project object */ = {
			isa = PBXProject;
			attributes = {
				BuildIndependentTargetsInParallel = 1;
				LastSwiftUpdateCheck = 1420;
				LastUpgradeCheck = 1420;
				TargetAttributes = {
					BB187BFB2A2B257300F8B3F6 = {
						CreatedOnToolsVersion = 14.2;
					};
				};
			};
			buildConfigurationList = BB187BF72A2B257300F8B3F6 /* Build configuration list for PBXProject "Kasablanca" */;
			compatibilityVersion = "Xcode 14.0";
			developmentRegion = en;
			hasScannedForEncodings = 0;
			knownRegions = (
				en,
				Base,
			);
			mainGroup = BB187BF32A2B257300F8B3F6;
			productRefGroup = BB187BFD2A2B257300F8B3F6 /* Products */;
			projectDirPath = "";
			projectRoot = "";
			targets = (
				BB187BFB2A2B257300F8B3F6 /* Kasablanca */,
			);
		};
/* End PBXProject section */

/* Begin PBXResourcesBuildPhase section */
		BB187BFA2A2B257300F8B3F6 /* Resources */ = {
			isa = PBXResourcesBuildPhase;
			buildActionMask = 2147483647;
			files = (
				BB187C152A2B265300F8B3F6 /* SmallBrownHouse.usdz in Resources */,
				BB187C162A2B265300F8B3F6 /* Modern_Home.usdz in Resources */,
				BB187C172A2B265300F8B3F6 /* DividedHut.usdz in Resources */,
				BB187C182A2B265300F8B3F6 /* BritishHouse.usdz in Resources */,
				BB187C192A2B265300F8B3F6 /* 3LayerHut.usdz in Resources */,
				BB187C1A2A2B265300F8B3F6 /* 3LayerHutWithTrees.usdz in Resources */,
				BB187C1C2A2B265300F8B3F6 /* HouseWithRoadway.usdz in Resources */,
				BB187C072A2B257600F8B3F6 /* Preview Assets.xcassets in Resources */,
				BB187C042A2B257600F8B3F6 /* Assets.xcassets in Resources */,
			);
			runOnlyForDeploymentPostprocessing = 0;
		};
/* End PBXResourcesBuildPhase section */

/* Begin PBXSourcesBuildPhase section */
		BB187BF82A2B257300F8B3F6 /* Sources */ = {
			isa = PBXSourcesBuildPhase;
			buildActionMask = 2147483647;
			files = (
				BB187C022A2B257300F8B3F6 /* ContentView.swift in Sources */,
				BB187C202A2B27CE00F8B3F6 /* House.swift in Sources */,
				BB187C222A2B489C00F8B3F6 /* HouseDetailView.swift in Sources */,
				BB187C002A2B257300F8B3F6 /* KasablancaApp.swift in Sources */,
			);
			runOnlyForDeploymentPostprocessing = 0;
		};
/* End PBXSourcesBuildPhase section */

/* Begin XCBuildConfiguration section */
		BB187C082A2B257600F8B3F6 /* Debug */ = {
			isa = XCBuildConfiguration;
			buildSettings = {
				ALWAYS_SEARCH_USER_PATHS = NO;
				CLANG_ANALYZER_NONNULL = YES;
				CLANG_ANALYZER_NUMBER_OBJECT_CONVERSION = YES_AGGRESSIVE;
				CLANG_CXX_LANGUAGE_STANDARD = "gnu++20";
				CLANG_ENABLE_MODULES = YES;
				CLANG_ENABLE_OBJC_ARC = YES;
				CLANG_ENABLE_OBJC_WEAK = YES;
				CLANG_WARN_BLOCK_CAPTURE_AUTORELEASING = YES;
				CLANG_WARN_BOOL_CONVERSION = YES;
				CLANG_WARN_COMMA = YES;
				CLANG_WARN_CONSTANT_CONVERSION = YES;
				CLANG_WARN_DEPRECATED_OBJC_IMPLEMENTATIONS = YES;
				CLANG_WARN_DIRECT_OBJC_ISA_USAGE = YES_ERROR;
				CLANG_WARN_DOCUMENTATION_COMMENTS = YES;
				CLANG_WARN_EMPTY_BODY = YES;
				CLANG_WARN_ENUM_CONVERSION = YES;
				CLANG_WARN_INFINITE_RECURSION = YES;
				CLANG_WARN_INT_CONVERSION = YES;
				CLANG_WARN_NON_LITERAL_NULL_CONVERSION = YES;
				CLANG_WARN_OBJC_IMPLICIT_RETAIN_SELF = YES;
				CLANG_WARN_OBJC_LITERAL_CONVERSION = YES;
				CLANG_WARN_OBJC_ROOT_CLASS = YES_ERROR;
				CLANG_WARN_QUOTED_INCLUDE_IN_FRAMEWORK_HEADER = YES;
				CLANG_WARN_RANGE_LOOP_ANALYSIS = YES;
				CLANG_WARN_STRICT_PROTOTYPES = YES;
				CLANG_WARN_SUSPICIOUS_MOVE = YES;
				CLANG_WARN_UNGUARDED_AVAILABILITY = YES_AGGRESSIVE;
				CLANG_WARN_UNREACHABLE_CODE = YES;
				CLANG_WARN__DUPLICATE_METHOD_MATCH = YES;
				COPY_PHASE_STRIP = NO;
				DEBUG_INFORMATION_FORMAT = dwarf;
				ENABLE_STRICT_OBJC_MSGSEND = YES;
				ENABLE_TESTABILITY = YES;
				GCC_C_LANGUAGE_STANDARD = gnu11;
				GCC_DYNAMIC_NO_PIC = NO;
				GCC_NO_COMMON_BLOCKS = YES;
				GCC_OPTIMIZATION_LEVEL = 0;
				GCC_PREPROCESSOR_DEFINITIONS = (
					"DEBUG=1",
					"$(inherited)",
				);
				GCC_WARN_64_TO_32_BIT_CONVERSION = YES;
				GCC_WARN_ABOUT_RETURN_TYPE = YES_ERROR;
				GCC_WARN_UNDECLARED_SELECTOR = YES;
				GCC_WARN_UNINITIALIZED_AUTOS = YES_AGGRESSIVE;
				GCC_WARN_UNUSED_FUNCTION = YES;
				GCC_WARN_UNUSED_VARIABLE = YES;
				IPHONEOS_DEPLOYMENT_TARGET = 16.2;
				MTL_ENABLE_DEBUG_INFO = INCLUDE_SOURCE;
				MTL_FAST_MATH = YES;
				ONLY_ACTIVE_ARCH = YES;
				SDKROOT = iphoneos;
				SWIFT_ACTIVE_COMPILATION_CONDITIONS = DEBUG;
				SWIFT_OPTIMIZATION_LEVEL = "-Onone";
			};
			name = Debug;
		};
		BB187C092A2B257600F8B3F6 /* Release */ = {
			isa = XCBuildConfiguration;
			buildSettings = {
				ALWAYS_SEARCH_USER_PATHS = NO;
				CLANG_ANALYZER_NONNULL = YES;
				CLANG_ANALYZER_NUMBER_OBJECT_CONVERSION = YES_AGGRESSIVE;
				CLANG_CXX_LANGUAGE_STANDARD = "gnu++20";
				CLANG_ENABLE_MODULES = YES;
				CLANG_ENABLE_OBJC_ARC = YES;
				CLANG_ENABLE_OBJC_WEAK = YES;
				CLANG_WARN_BLOCK_CAPTURE_AUTORELEASING = YES;
				CLANG_WARN_BOOL_CONVERSION = YES;
				CLANG_WARN_COMMA = YES;
				CLANG_WARN_CONSTANT_CONVERSION = YES;
				CLANG_WARN_DEPRECATED_OBJC_IMPLEMENTATIONS = YES;
				CLANG_WARN_DIRECT_OBJC_ISA_USAGE = YES_ERROR;
				CLANG_WARN_DOCUMENTATION_COMMENTS = YES;
				CLANG_WARN_EMPTY_BODY = YES;
				CLANG_WARN_ENUM_CONVERSION = YES;
				CLANG_WARN_INFINITE_RECURSION = YES;
				CLANG_WARN_INT_CONVERSION = YES;
				CLANG_WARN_NON_LITERAL_NULL_CONVERSION = YES;
				CLANG_WARN_OBJC_IMPLICIT_RETAIN_SELF = YES;
				CLANG_WARN_OBJC_LITERAL_CONVERSION = YES;
				CLANG_WARN_OBJC_ROOT_CLASS = YES_ERROR;
				CLANG_WARN_QUOTED_INCLUDE_IN_FRAMEWORK_HEADER = YES;
				CLANG_WARN_RANGE_LOOP_ANALYSIS = YES;
				CLANG_WARN_STRICT_PROTOTYPES = YES;
				CLANG_WARN_SUSPICIOUS_MOVE = YES;
				CLANG_WARN_UNGUARDED_AVAILABILITY = YES_AGGRESSIVE;
				CLANG_WARN_UNREACHABLE_CODE = YES;
				CLANG_WARN__DUPLICATE_METHOD_MATCH = YES;
				COPY_PHASE_STRIP = NO;
				DEBUG_INFORMATION_FORMAT = "dwarf-with-dsym";
				ENABLE_NS_ASSERTIONS = NO;
				ENABLE_STRICT_OBJC_MSGSEND = YES;
				GCC_C_LANGUAGE_STANDARD = gnu11;
				GCC_NO_COMMON_BLOCKS = YES;
				GCC_WARN_64_TO_32_BIT_CONVERSION = YES;
				GCC_WARN_ABOUT_RETURN_TYPE = YES_ERROR;
				GCC_WARN_UNDECLARED_SELECTOR = YES;
				GCC_WARN_UNINITIALIZED_AUTOS = YES_AGGRESSIVE;
				GCC_WARN_UNUSED_FUNCTION = YES;
				GCC_WARN_UNUSED_VARIABLE = YES;
				IPHONEOS_DEPLOYMENT_TARGET = 16.2;
				MTL_ENABLE_DEBUG_INFO = NO;
				MTL_FAST_MATH = YES;
				SDKROOT = iphoneos;
				SWIFT_COMPILATION_MODE = wholemodule;
				SWIFT_OPTIMIZATION_LEVEL = "-O";
				VALIDATE_PRODUCT = YES;
			};
			name = Release;
		};
		BB187C0B2A2B257600F8B3F6 /* Debug */ = {
			isa = XCBuildConfiguration;
			buildSettings = {
				ASSETCATALOG_COMPILER_APPICON_NAME = AppIcon;
				ASSETCATALOG_COMPILER_GLOBAL_ACCENT_COLOR_NAME = AccentColor;
				CODE_SIGN_STYLE = Automatic;
				CURRENT_PROJECT_VERSION = 1;
				DEVELOPMENT_ASSET_PATHS = "\"Kasablanca/Preview Content\"";
				DEVELOPMENT_TEAM = YAUHAKHJVJ;
				ENABLE_PREVIEWS = YES;
				GENERATE_INFOPLIST_FILE = YES;
				INFOPLIST_KEY_UIApplicationSceneManifest_Generation = YES;
				INFOPLIST_KEY_UIApplicationSupportsIndirectInputEvents = YES;
				INFOPLIST_KEY_UILaunchScreen_Generation = YES;
				INFOPLIST_KEY_UISupportedInterfaceOrientations_iPad = "UIInterfaceOrientationPortrait UIInterfaceOrientationPortraitUpsideDown UIInterfaceOrientationLandscapeLeft UIInterfaceOrientationLandscapeRight";
				INFOPLIST_KEY_UISupportedInterfaceOrientations_iPhone = "UIInterfaceOrientationPortrait UIInterfaceOrientationLandscapeLeft UIInterfaceOrientationLandscapeRight";
				LD_RUNPATH_SEARCH_PATHS = (
					"$(inherited)",
					"@executable_path/Frameworks",
				);
				MARKETING_VERSION = 1.0;
				PRODUCT_BUNDLE_IDENTIFIER = me.hamzabhatti.kasablanca.Kasablanca;
				PRODUCT_NAME = "$(TARGET_NAME)";
				SWIFT_EMIT_LOC_STRINGS = YES;
				SWIFT_VERSION = 5.0;
				TARGETED_DEVICE_FAMILY = "1,2";
			};
			name = Debug;
		};
		BB187C0C2A2B257600F8B3F6 /* Release */ = {
			isa = XCBuildConfiguration;
			buildSettings = {
				ASSETCATALOG_COMPILER_APPICON_NAME = AppIcon;
				ASSETCATALOG_COMPILER_GLOBAL_ACCENT_COLOR_NAME = AccentColor;
				CODE_SIGN_STYLE = Automatic;
				CURRENT_PROJECT_VERSION = 1;
				DEVELOPMENT_ASSET_PATHS = "\"Kasablanca/Preview Content\"";
				DEVELOPMENT_TEAM = YAUHAKHJVJ;
				ENABLE_PREVIEWS = YES;
				GENERATE_INFOPLIST_FILE = YES;
				INFOPLIST_KEY_UIApplicationSceneManifest_Generation = YES;
				INFOPLIST_KEY_UIApplicationSupportsIndirectInputEvents = YES;
				INFOPLIST_KEY_UILaunchScreen_Generation = YES;
				INFOPLIST_KEY_UISupportedInterfaceOrientations_iPad = "UIInterfaceOrientationPortrait UIInterfaceOrientationPortraitUpsideDown UIInterfaceOrientationLandscapeLeft UIInterfaceOrientationLandscapeRight";
				INFOPLIST_KEY_UISupportedInterfaceOrientations_iPhone = "UIInterfaceOrientationPortrait UIInterfaceOrientationLandscapeLeft UIInterfaceOrientationLandscapeRight";
				LD_RUNPATH_SEARCH_PATHS = (
					"$(inherited)",
					"@executable_path/Frameworks",
				);
				MARKETING_VERSION = 1.0;
				PRODUCT_BUNDLE_IDENTIFIER = me.hamzabhatti.kasablanca.Kasablanca;
				PRODUCT_NAME = "$(TARGET_NAME)";
				SWIFT_EMIT_LOC_STRINGS = YES;
				SWIFT_VERSION = 5.0;
				TARGETED_DEVICE_FAMILY = "1,2";
			};
			name = Release;
		};
/* End XCBuildConfiguration section */

/* Begin XCConfigurationList section */
		BB187BF72A2B257300F8B3F6 /* Build configuration list for PBXProject "Kasablanca" */ = {
			isa = XCConfigurationList;
			buildConfigurations = (
				BB187C082A2B257600F8B3F6 /* Debug */,
				BB187C092A2B257600F8B3F6 /* Release */,
			);
			defaultConfigurationIsVisible = 0;
			defaultConfigurationName = Release;
		};
		BB187C0A2A2B257600F8B3F6 /* Build configuration list for PBXNativeTarget "Kasablanca" */ = {
			isa = XCConfigurationList;
			buildConfigurations = (
				BB187C0B2A2B257600F8B3F6 /* Debug */,
				BB187C0C2A2B257600F8B3F6 /* Release */,
			);
			defaultConfigurationIsVisible = 0;
			defaultConfigurationName = Release;
		};
/* End XCConfigurationList section */
	};
	rootObject = BB187BF42A2B257300F8B3F6 /* Project object */;
}
